
Microsoft Visual Studio Solution File, Format Version 12.00
# Visual Studio 15
VisualStudioVersion = 15.0.26124.0
MinimumVisualStudioVersion = 15.0.26124.0
Project("{2150E333-8FDC-42A3-9474-1A3956D46DE8}") = "src", "src", "{B995302C-1403-4703-AC6E-D9A9B465063D}"
EndProject
Project("{F2A71F9B-5D33-465A-A702-920D77279786}") = "Persimmon.Dried.Gen", "src\Persimmon.Dried.Gen\Persimmon.Dried.Gen.fsproj", "{3A1256FB-6BB2-4C77-A49E-B9C7735F4B28}"
EndProject
Project("{F2A71F9B-5D33-465A-A702-920D77279786}") = "Persimmon.Dried", "src\Persimmon.Dried\Persimmon.Dried.fsproj", "{3B9D09B2-9A3C-4E05-9FC4-6F0D9CB62909}"
EndProject
Project("{F2A71F9B-5D33-465A-A702-920D77279786}") = "Persimmon.Dried.Ext", "src\Persimmon.Dried.Ext\Persimmon.Dried.Ext.fsproj", "{329D1533-E9DB-4181-A2B5-7E958F4FEE0C}"
EndProject
Project("{2150E333-8FDC-42A3-9474-1A3956D46DE8}") = "tests", "tests", "{D54B888A-898A-4023-AEBF-C34C36A6D757}"
EndProject
Project("{FAE04EC0-301F-11D3-BF4B-00C04F79EFBC}") = "Persimmon.Dried.CSharp.Tests", "tests\Persimmon.Dried.CSharp.Tests\Persimmon.Dried.CSharp.Tests.csproj", "{E1F386F4-0F72-40A8-9388-74001A41B941}"
EndProject
Project("{F2A71F9B-5D33-465A-A702-920D77279786}") = "Persimmon.Dried.Tests", "tests\Persimmon.Dried.Tests\Persimmon.Dried.Tests.fsproj", "{C28944CC-CBFD-445B-8C61-11E753B7E94F}"
EndProject
Project("{2150E333-8FDC-42A3-9474-1A3956D46DE8}") = "examples", "examples", "{BF2AC6A9-8D63-4F9D-8697-E9D94B456C83}"
EndProject
Project("{F2A71F9B-5D33-465A-A702-920D77279786}") = "Persimmon.Dried.Examples", "examples\Persimmon.Dried.Examples\Persimmon.Dried.Examples.fsproj", "{8699AE06-D529-4AF3-9378-C011F31F1D72}"
EndProject
Project("{FAE04EC0-301F-11D3-BF4B-00C04F79EFBC}") = "Persimmon.Dried.CSharpExamples", "examples\Persimmon.Dried.CSharpExamples\Persimmon.Dried.CSharpExamples.csproj", "{E15F0E19-42AE-441A-87D7-2C57C7B5B55C}"
EndProject
Project("{F2A71F9B-5D33-465A-A702-920D77279786}") = "Commands.Redis", "examples\Commands.Redis\Commands.Redis.fsproj", "{DDA0C8DD-301B-4395-8595-D0C3FF201C6E}"
EndProject
Global
	GlobalSection(SolutionConfigurationPlatforms) = preSolution
		Debug|Any CPU = Debug|Any CPU
		Debug|x64 = Debug|x64
		Debug|x86 = Debug|x86
		Release|Any CPU = Release|Any CPU
		Release|x64 = Release|x64
		Release|x86 = Release|x86
	EndGlobalSection
	GlobalSection(SolutionProperties) = preSolution
		HideSolutionNode = FALSE
	EndGlobalSection
	GlobalSection(ProjectConfigurationPlatforms) = postSolution
		{3A1256FB-6BB2-4C77-A49E-B9C7735F4B28}.Debug|Any CPU.ActiveCfg = Debug|Any CPU
		{3A1256FB-6BB2-4C77-A49E-B9C7735F4B28}.Debug|Any CPU.Build.0 = Debug|Any CPU
		{3A1256FB-6BB2-4C77-A49E-B9C7735F4B28}.Debug|x64.ActiveCfg = Debug|x64
		{3A1256FB-6BB2-4C77-A49E-B9C7735F4B28}.Debug|x64.Build.0 = Debug|x64
		{3A1256FB-6BB2-4C77-A49E-B9C7735F4B28}.Debug|x86.ActiveCfg = Debug|x86
		{3A1256FB-6BB2-4C77-A49E-B9C7735F4B28}.Debug|x86.Build.0 = Debug|x86
		{3A1256FB-6BB2-4C77-A49E-B9C7735F4B28}.Release|Any CPU.ActiveCfg = Release|Any CPU
		{3A1256FB-6BB2-4C77-A49E-B9C7735F4B28}.Release|Any CPU.Build.0 = Release|Any CPU
		{3A1256FB-6BB2-4C77-A49E-B9C7735F4B28}.Release|x64.ActiveCfg = Release|x64
		{3A1256FB-6BB2-4C77-A49E-B9C7735F4B28}.Release|x64.Build.0 = Release|x64
		{3A1256FB-6BB2-4C77-A49E-B9C7735F4B28}.Release|x86.ActiveCfg = Release|x86
		{3A1256FB-6BB2-4C77-A49E-B9C7735F4B28}.Release|x86.Build.0 = Release|x86
		{3B9D09B2-9A3C-4E05-9FC4-6F0D9CB62909}.Debug|Any CPU.ActiveCfg = Debug|Any CPU
		{3B9D09B2-9A3C-4E05-9FC4-6F0D9CB62909}.Debug|Any CPU.Build.0 = Debug|Any CPU
		{3B9D09B2-9A3C-4E05-9FC4-6F0D9CB62909}.Debug|x64.ActiveCfg = Debug|x64
		{3B9D09B2-9A3C-4E05-9FC4-6F0D9CB62909}.Debug|x64.Build.0 = Debug|x64
		{3B9D09B2-9A3C-4E05-9FC4-6F0D9CB62909}.Debug|x86.ActiveCfg = Debug|x86
		{3B9D09B2-9A3C-4E05-9FC4-6F0D9CB62909}.Debug|x86.Build.0 = Debug|x86
		{3B9D09B2-9A3C-4E05-9FC4-6F0D9CB62909}.Release|Any CPU.ActiveCfg = Release|Any CPU
		{3B9D09B2-9A3C-4E05-9FC4-6F0D9CB62909}.Release|Any CPU.Build.0 = Release|Any CPU
		{3B9D09B2-9A3C-4E05-9FC4-6F0D9CB62909}.Release|x64.ActiveCfg = Release|x64
		{3B9D09B2-9A3C-4E05-9FC4-6F0D9CB62909}.Release|x64.Build.0 = Release|x64
		{3B9D09B2-9A3C-4E05-9FC4-6F0D9CB62909}.Release|x86.ActiveCfg = Release|x86
		{3B9D09B2-9A3C-4E05-9FC4-6F0D9CB62909}.Release|x86.Build.0 = Release|x86
		{329D1533-E9DB-4181-A2B5-7E958F4FEE0C}.Debug|Any CPU.ActiveCfg = Debug|Any CPU
		{329D1533-E9DB-4181-A2B5-7E958F4FEE0C}.Debug|Any CPU.Build.0 = Debug|Any CPU
		{329D1533-E9DB-4181-A2B5-7E958F4FEE0C}.Debug|x64.ActiveCfg = Debug|x64
		{329D1533-E9DB-4181-A2B5-7E958F4FEE0C}.Debug|x64.Build.0 = Debug|x64
		{329D1533-E9DB-4181-A2B5-7E958F4FEE0C}.Debug|x86.ActiveCfg = Debug|x86
		{329D1533-E9DB-4181-A2B5-7E958F4FEE0C}.Debug|x86.Build.0 = Debug|x86
		{329D1533-E9DB-4181-A2B5-7E958F4FEE0C}.Release|Any CPU.ActiveCfg = Release|Any CPU
		{329D1533-E9DB-4181-A2B5-7E958F4FEE0C}.Release|Any CPU.Build.0 = Release|Any CPU
		{329D1533-E9DB-4181-A2B5-7E958F4FEE0C}.Release|x64.ActiveCfg = Release|x64
		{329D1533-E9DB-4181-A2B5-7E958F4FEE0C}.Release|x64.Build.0 = Release|x64
		{329D1533-E9DB-4181-A2B5-7E958F4FEE0C}.Release|x86.ActiveCfg = Release|x86
		{329D1533-E9DB-4181-A2B5-7E958F4FEE0C}.Release|x86.Build.0 = Release|x86
		{E1F386F4-0F72-40A8-9388-74001A41B941}.Debug|Any CPU.ActiveCfg = Debug|Any CPU
		{E1F386F4-0F72-40A8-9388-74001A41B941}.Debug|Any CPU.Build.0 = Debug|Any CPU
		{E1F386F4-0F72-40A8-9388-74001A41B941}.Debug|x64.ActiveCfg = Debug|x64
		{E1F386F4-0F72-40A8-9388-74001A41B941}.Debug|x64.Build.0 = Debug|x64
		{E1F386F4-0F72-40A8-9388-74001A41B941}.Debug|x86.ActiveCfg = Debug|x86
		{E1F386F4-0F72-40A8-9388-74001A41B941}.Debug|x86.Build.0 = Debug|x86
		{E1F386F4-0F72-40A8-9388-74001A41B941}.Release|Any CPU.ActiveCfg = Release|Any CPU
		{E1F386F4-0F72-40A8-9388-74001A41B941}.Release|Any CPU.Build.0 = Release|Any CPU
		{E1F386F4-0F72-40A8-9388-74001A41B941}.Release|x64.ActiveCfg = Release|x64
		{E1F386F4-0F72-40A8-9388-74001A41B941}.Release|x64.Build.0 = Release|x64
		{E1F386F4-0F72-40A8-9388-74001A41B941}.Release|x86.ActiveCfg = Release|x86
		{E1F386F4-0F72-40A8-9388-74001A41B941}.Release|x86.Build.0 = Release|x86
		{C28944CC-CBFD-445B-8C61-11E753B7E94F}.Debug|Any CPU.ActiveCfg = Debug|Any CPU
		{C28944CC-CBFD-445B-8C61-11E753B7E94F}.Debug|Any CPU.Build.0 = Debug|Any CPU
		{C28944CC-CBFD-445B-8C61-11E753B7E94F}.Debug|x64.ActiveCfg = Debug|x64
		{C28944CC-CBFD-445B-8C61-11E753B7E94F}.Debug|x64.Build.0 = Debug|x64
		{C28944CC-CBFD-445B-8C61-11E753B7E94F}.Debug|x86.ActiveCfg = Debug|x86
		{C28944CC-CBFD-445B-8C61-11E753B7E94F}.Debug|x86.Build.0 = Debug|x86
		{C28944CC-CBFD-445B-8C61-11E753B7E94F}.Release|Any CPU.ActiveCfg = Release|Any CPU
		{C28944CC-CBFD-445B-8C61-11E753B7E94F}.Release|Any CPU.Build.0 = Release|Any CPU
		{C28944CC-CBFD-445B-8C61-11E753B7E94F}.Release|x64.ActiveCfg = Release|x64
		{C28944CC-CBFD-445B-8C61-11E753B7E94F}.Release|x64.Build.0 = Release|x64
		{C28944CC-CBFD-445B-8C61-11E753B7E94F}.Release|x86.ActiveCfg = Release|x86
		{C28944CC-CBFD-445B-8C61-11E753B7E94F}.Release|x86.Build.0 = Release|x86
		{8699AE06-D529-4AF3-9378-C011F31F1D72}.Debug|Any CPU.ActiveCfg = Debug|Any CPU
		{8699AE06-D529-4AF3-9378-C011F31F1D72}.Debug|Any CPU.Build.0 = Debug|Any CPU
		{8699AE06-D529-4AF3-9378-C011F31F1D72}.Debug|x64.ActiveCfg = Debug|x64
		{8699AE06-D529-4AF3-9378-C011F31F1D72}.Debug|x64.Build.0 = Debug|x64
		{8699AE06-D529-4AF3-9378-C011F31F1D72}.Debug|x86.ActiveCfg = Debug|x86
		{8699AE06-D529-4AF3-9378-C011F31F1D72}.Debug|x86.Build.0 = Debug|x86
		{8699AE06-D529-4AF3-9378-C011F31F1D72}.Release|Any CPU.ActiveCfg = Release|Any CPU
		{8699AE06-D529-4AF3-9378-C011F31F1D72}.Release|Any CPU.Build.0 = Release|Any CPU
		{8699AE06-D529-4AF3-9378-C011F31F1D72}.Release|x64.ActiveCfg = Release|x64
		{8699AE06-D529-4AF3-9378-C011F31F1D72}.Release|x64.Build.0 = Release|x64
		{8699AE06-D529-4AF3-9378-C011F31F1D72}.Release|x86.ActiveCfg = Release|x86
		{8699AE06-D529-4AF3-9378-C011F31F1D72}.Release|x86.Build.0 = Release|x86
		{E15F0E19-42AE-441A-87D7-2C57C7B5B55C}.Debug|Any CPU.ActiveCfg = Debug|Any CPU
		{E15F0E19-42AE-441A-87D7-2C57C7B5B55C}.Debug|Any CPU.Build.0 = Debug|Any CPU
		{E15F0E19-42AE-441A-87D7-2C57C7B5B55C}.Debug|x64.ActiveCfg = Debug|x64
		{E15F0E19-42AE-441A-87D7-2C57C7B5B55C}.Debug|x64.Build.0 = Debug|x64
		{E15F0E19-42AE-441A-87D7-2C57C7B5B55C}.Debug|x86.ActiveCfg = Debug|x86
		{E15F0E19-42AE-441A-87D7-2C57C7B5B55C}.Debug|x86.Build.0 = Debug|x86
		{E15F0E19-42AE-441A-87D7-2C57C7B5B55C}.Release|Any CPU.ActiveCfg = Release|Any CPU
		{E15F0E19-42AE-441A-87D7-2C57C7B5B55C}.Release|Any CPU.Build.0 = Release|Any CPU
		{E15F0E19-42AE-441A-87D7-2C57C7B5B55C}.Release|x64.ActiveCfg = Release|x64
		{E15F0E19-42AE-441A-87D7-2C57C7B5B55C}.Release|x64.Build.0 = Release|x64
		{E15F0E19-42AE-441A-87D7-2C57C7B5B55C}.Release|x86.ActiveCfg = Release|x86
		{E15F0E19-42AE-441A-87D7-2C57C7B5B55C}.Release|x86.Build.0 = Release|x86
		{DDA0C8DD-301B-4395-8595-D0C3FF201C6E}.Debug|Any CPU.ActiveCfg = Debug|Any CPU
		{DDA0C8DD-301B-4395-8595-D0C3FF201C6E}.Debug|Any CPU.Build.0 = Debug|Any CPU
		{DDA0C8DD-301B-4395-8595-D0C3FF201C6E}.Debug|x64.ActiveCfg = Debug|x64
		{DDA0C8DD-301B-4395-8595-D0C3FF201C6E}.Debug|x64.Build.0 = Debug|x64
		{DDA0C8DD-301B-4395-8595-D0C3FF201C6E}.Debug|x86.ActiveCfg = Debug|x86
		{DDA0C8DD-301B-4395-8595-D0C3FF201C6E}.Debug|x86.Build.0 = Debug|x86
		{DDA0C8DD-301B-4395-8595-D0C3FF201C6E}.Release|Any CPU.ActiveCfg = Release|Any CPU
		{DDA0C8DD-301B-4395-8595-D0C3FF201C6E}.Release|Any CPU.Build.0 = Release|Any CPU
		{DDA0C8DD-301B-4395-8595-D0C3FF201C6E}.Release|x64.ActiveCfg = Release|x64
		{DDA0C8DD-301B-4395-8595-D0C3FF201C6E}.Release|x64.Build.0 = Release|x64
		{DDA0C8DD-301B-4395-8595-D0C3FF201C6E}.Release|x86.ActiveCfg = Release|x86
		{DDA0C8DD-301B-4395-8595-D0C3FF201C6E}.Release|x86.Build.0 = Release|x86
	EndGlobalSection
	GlobalSection(NestedProjects) = preSolution
		{3A1256FB-6BB2-4C77-A49E-B9C7735F4B28} = {B995302C-1403-4703-AC6E-D9A9B465063D}
		{3B9D09B2-9A3C-4E05-9FC4-6F0D9CB62909} = {B995302C-1403-4703-AC6E-D9A9B465063D}
		{329D1533-E9DB-4181-A2B5-7E958F4FEE0C} = {B995302C-1403-4703-AC6E-D9A9B465063D}
		{E1F386F4-0F72-40A8-9388-74001A41B941} = {D54B888A-898A-4023-AEBF-C34C36A6D757}
		{C28944CC-CBFD-445B-8C61-11E753B7E94F} = {D54B888A-898A-4023-AEBF-C34C36A6D757}
		{8699AE06-D529-4AF3-9378-C011F31F1D72} = {BF2AC6A9-8D63-4F9D-8697-E9D94B456C83}
		{E15F0E19-42AE-441A-87D7-2C57C7B5B55C} = {BF2AC6A9-8D63-4F9D-8697-E9D94B456C83}
		{DDA0C8DD-301B-4395-8595-D0C3FF201C6E} = {BF2AC6A9-8D63-4F9D-8697-E9D94B456C83}
	EndGlobalSection
EndGlobal
