
Microsoft Visual Studio Solution File, Format Version 12.00
# Visual Studio 2013
VisualStudioVersion = 12.0.31101.0
MinimumVisualStudioVersion = 10.0.40219.1
Project("{F2A71F9B-5D33-465A-A702-920D77279786}") = "Persimmon.Dried", "src\Persimmon.Dried\Persimmon.Dried.fsproj", "{39471E01-A873-4AD4-BAAE-19C82118F467}"
EndProject
Project("{2150E333-8FDC-42A3-9474-1A3956D46DE8}") = ".nuget", ".nuget", "{68180514-86BB-45A9-8F44-F9812DB2118D}"
	ProjectSection(SolutionItems) = preProject
		.nuget\NuGet.Config = .nuget\NuGet.Config
		.nuget\NuGet.exe = .nuget\NuGet.exe
		.nuget\NuGet.targets = .nuget\NuGet.targets
	EndProjectSection
EndProject
Project("{F2A71F9B-5D33-465A-A702-920D77279786}") = "Persimmon.Dried.Tests", "tests\Persimmon.Dried.Tests\Persimmon.Dried.Tests.fsproj", "{956AE151-E895-4D5C-8E7F-A4D89C304DA1}"
EndProject
Project("{F2A71F9B-5D33-465A-A702-920D77279786}") = "Benchmark", "Benchmark\Benchmark.fsproj", "{4DB09691-27BF-4558-A9ED-4D42F245938A}"
EndProject
Project("{2150E333-8FDC-42A3-9474-1A3956D46DE8}") = "examples", "examples", "{8031CEB4-55FB-41F7-89D6-8FB82AB8BBF3}"
EndProject
Project("{F2A71F9B-5D33-465A-A702-920D77279786}") = "Commands.Redis", "example\Commands.Redis\Commands.Redis.fsproj", "{A9B108A6-2DED-4CEF-8E1D-DEC809D33003}"
EndProject
Project("{F2A71F9B-5D33-465A-A702-920D77279786}") = "Persimmon.Dried.Ext", "src\Persimmon.Dried.Ext\Persimmon.Dried.Ext.fsproj", "{3816EDFD-43CC-4ED7-9832-96E4A3E77EB2}"
EndProject
Project("{FAE04EC0-301F-11D3-BF4B-00C04F79EFBC}") = "Persimmon.Dried.CSharp.Tests", "tests\Persimmon.Dried.CSharp.Tests\Persimmon.Dried.CSharp.Tests.csproj", "{99C74965-06BC-41A0-9B0D-744DCF52B1AD}"
EndProject
Project("{FAE04EC0-301F-11D3-BF4B-00C04F79EFBC}") = "Persimmon.Dried.CSharpExamples", "example\Persimmon.Dried.CSharpExamples\Persimmon.Dried.CSharpExamples.csproj", "{4FF41A61-6D27-44C8-8663-6E0F4DFF3896}"
EndProject
Global
	GlobalSection(SolutionConfigurationPlatforms) = preSolution
		Debug|Any CPU = Debug|Any CPU
		Release|Any CPU = Release|Any CPU
	EndGlobalSection
	GlobalSection(ProjectConfigurationPlatforms) = postSolution
		{39471E01-A873-4AD4-BAAE-19C82118F467}.Debug|Any CPU.ActiveCfg = Debug|Any CPU
		{39471E01-A873-4AD4-BAAE-19C82118F467}.Debug|Any CPU.Build.0 = Debug|Any CPU
		{39471E01-A873-4AD4-BAAE-19C82118F467}.Release|Any CPU.ActiveCfg = Release|Any CPU
		{39471E01-A873-4AD4-BAAE-19C82118F467}.Release|Any CPU.Build.0 = Release|Any CPU
		{956AE151-E895-4D5C-8E7F-A4D89C304DA1}.Debug|Any CPU.ActiveCfg = Debug|Any CPU
		{956AE151-E895-4D5C-8E7F-A4D89C304DA1}.Debug|Any CPU.Build.0 = Debug|Any CPU
		{956AE151-E895-4D5C-8E7F-A4D89C304DA1}.Release|Any CPU.ActiveCfg = Release|Any CPU
		{956AE151-E895-4D5C-8E7F-A4D89C304DA1}.Release|Any CPU.Build.0 = Release|Any CPU
		{4DB09691-27BF-4558-A9ED-4D42F245938A}.Debug|Any CPU.ActiveCfg = Debug|Any CPU
		{4DB09691-27BF-4558-A9ED-4D42F245938A}.Debug|Any CPU.Build.0 = Debug|Any CPU
		{4DB09691-27BF-4558-A9ED-4D42F245938A}.Release|Any CPU.ActiveCfg = Release|Any CPU
		{4DB09691-27BF-4558-A9ED-4D42F245938A}.Release|Any CPU.Build.0 = Release|Any CPU
		{A9B108A6-2DED-4CEF-8E1D-DEC809D33003}.Debug|Any CPU.ActiveCfg = Debug|Any CPU
		{A9B108A6-2DED-4CEF-8E1D-DEC809D33003}.Debug|Any CPU.Build.0 = Debug|Any CPU
		{A9B108A6-2DED-4CEF-8E1D-DEC809D33003}.Release|Any CPU.ActiveCfg = Release|Any CPU
		{A9B108A6-2DED-4CEF-8E1D-DEC809D33003}.Release|Any CPU.Build.0 = Release|Any CPU
		{3816EDFD-43CC-4ED7-9832-96E4A3E77EB2}.Debug|Any CPU.ActiveCfg = Debug|Any CPU
		{3816EDFD-43CC-4ED7-9832-96E4A3E77EB2}.Debug|Any CPU.Build.0 = Debug|Any CPU
		{3816EDFD-43CC-4ED7-9832-96E4A3E77EB2}.Release|Any CPU.ActiveCfg = Release|Any CPU
		{3816EDFD-43CC-4ED7-9832-96E4A3E77EB2}.Release|Any CPU.Build.0 = Release|Any CPU
		{99C74965-06BC-41A0-9B0D-744DCF52B1AD}.Debug|Any CPU.ActiveCfg = Debug|Any CPU
		{99C74965-06BC-41A0-9B0D-744DCF52B1AD}.Debug|Any CPU.Build.0 = Debug|Any CPU
		{99C74965-06BC-41A0-9B0D-744DCF52B1AD}.Release|Any CPU.ActiveCfg = Release|Any CPU
		{99C74965-06BC-41A0-9B0D-744DCF52B1AD}.Release|Any CPU.Build.0 = Release|Any CPU
		{4FF41A61-6D27-44C8-8663-6E0F4DFF3896}.Debug|Any CPU.ActiveCfg = Debug|Any CPU
		{4FF41A61-6D27-44C8-8663-6E0F4DFF3896}.Debug|Any CPU.Build.0 = Debug|Any CPU
		{4FF41A61-6D27-44C8-8663-6E0F4DFF3896}.Release|Any CPU.ActiveCfg = Release|Any CPU
		{4FF41A61-6D27-44C8-8663-6E0F4DFF3896}.Release|Any CPU.Build.0 = Release|Any CPU
	EndGlobalSection
	GlobalSection(SolutionProperties) = preSolution
		HideSolutionNode = FALSE
	EndGlobalSection
	GlobalSection(NestedProjects) = preSolution
		{A9B108A6-2DED-4CEF-8E1D-DEC809D33003} = {8031CEB4-55FB-41F7-89D6-8FB82AB8BBF3}
		{4FF41A61-6D27-44C8-8663-6E0F4DFF3896} = {8031CEB4-55FB-41F7-89D6-8FB82AB8BBF3}
	EndGlobalSection
EndGlobal
